
Microsoft Visual Studio Solution File, Format Version 12.00
# Visual Studio Version 17
VisualStudioVersion = 17.0.32112.339
MinimumVisualStudioVersion = 10.0.40219.1
Project("{F184B08F-C81C-45F6-A57F-5ABD9991F28F}") = "alasasa", "alasasa.vbproj", "{5A815B44-7E8E-48B0-B4EC-BF7E6F3A4CCA}"
EndProject
Global
	GlobalSection(SolutionConfigurationPlatforms) = preSolution
		Debug|Any CPU = Debug|Any CPU
		Release|Any CPU = Release|Any CPU
	EndGlobalSection
	GlobalSection(ProjectConfigurationPlatforms) = postSolution
		{5A815B44-7E8E-48B0-B4EC-BF7E6F3A4CCA}.Debug|Any CPU.ActiveCfg = Debug|Any CPU
		{5A815B44-7E8E-48B0-B4EC-BF7E6F3A4CCA}.Debug|Any CPU.Build.0 = Debug|Any CPU
		{5A815B44-7E8E-48B0-B4EC-BF7E6F3A4CCA}.Release|Any CPU.ActiveCfg = Release|Any CPU
		{5A815B44-7E8E-48B0-B4EC-BF7E6F3A4CCA}.Release|Any CPU.Build.0 = Release|Any CPU
	EndGlobalSection
	GlobalSection(SolutionProperties) = preSolution
		HideSolutionNode = FALSE
	EndGlobalSection
	GlobalSection(ExtensibilityGlobals) = postSolution
		SolutionGuid = {3C6E795A-9F5A-447D-AA0F-E92B8F9DC940}
	EndGlobalSection
EndGlobal
